
Microsoft Visual Studio Solution File, Format Version 12.00
# Visual Studio 2013
VisualStudioVersion = 12.0.30501.0
MinimumVisualStudioVersion = 10.0.40219.1
Project("{E24C65DC-7377-472B-9ABA-BC803B73C61A}") = "angViews(2)", "http://localhost:12474", "{64B8DB51-394D-4967-BE59-25CC8F9091A6}"
	ProjectSection(WebsiteProperties) = preProject
		UseIISExpress = "true"
		TargetFrameworkMoniker = ".NETFramework,Version%3Dv4.0"
		Debug.AspNetCompiler.VirtualPath = "/localhost_12474"
		Debug.AspNetCompiler.PhysicalPath = "angViews\"
		Debug.AspNetCompiler.TargetPath = "PrecompiledWeb\localhost_12474\"
		Debug.AspNetCompiler.Updateable = "true"
		Debug.AspNetCompiler.ForceOverwrite = "true"
		Debug.AspNetCompiler.FixedNames = "false"
		Debug.AspNetCompiler.Debug = "True"
		Release.AspNetCompiler.VirtualPath = "/localhost_12474"
		Release.AspNetCompiler.PhysicalPath = "angViews\"
		Release.AspNetCompiler.TargetPath = "PrecompiledWeb\localhost_12474\"
		Release.AspNetCompiler.Updateable = "true"
		Release.AspNetCompiler.ForceOverwrite = "true"
		Release.AspNetCompiler.FixedNames = "false"
		Release.AspNetCompiler.Debug = "False"
		SlnRelativePath = "angViews\"
	EndProjectSection
EndProject
Project("{E24C65DC-7377-472B-9ABA-BC803B73C61A}") = "todo(3)", "http://localhost:12477", "{7BD188D7-E5DD-454B-AA41-C2FF418BF657}"
	ProjectSection(WebsiteProperties) = preProject
		UseIISExpress = "true"
		TargetFrameworkMoniker = ".NETFramework,Version%3Dv4.0"
		Debug.AspNetCompiler.VirtualPath = "/localhost_12477"
		Debug.AspNetCompiler.PhysicalPath = "todo\"
		Debug.AspNetCompiler.TargetPath = "PrecompiledWeb\localhost_12477\"
		Debug.AspNetCompiler.Updateable = "true"
		Debug.AspNetCompiler.ForceOverwrite = "true"
		Debug.AspNetCompiler.FixedNames = "false"
		Debug.AspNetCompiler.Debug = "True"
		Release.AspNetCompiler.VirtualPath = "/localhost_12477"
		Release.AspNetCompiler.PhysicalPath = "todo\"
		Release.AspNetCompiler.TargetPath = "PrecompiledWeb\localhost_12477\"
		Release.AspNetCompiler.Updateable = "true"
		Release.AspNetCompiler.ForceOverwrite = "true"
		Release.AspNetCompiler.FixedNames = "false"
		Release.AspNetCompiler.Debug = "False"
		SlnRelativePath = "todo\"
	EndProjectSection
EndProject
Project("{E24C65DC-7377-472B-9ABA-BC803B73C61A}") = "jquerybase", "http://localhost:3580", "{02418AFF-F87C-4C03-8CA4-D393FE5FD77D}"
	ProjectSection(WebsiteProperties) = preProject
		UseIISExpress = "true"
		TargetFrameworkMoniker = ".NETFramework,Version%3Dv4.0"
		Debug.AspNetCompiler.VirtualPath = "/localhost_3580"
		Debug.AspNetCompiler.PhysicalPath = "jquerybase\"
		Debug.AspNetCompiler.TargetPath = "PrecompiledWeb\localhost_3580\"
		Debug.AspNetCompiler.Updateable = "true"
		Debug.AspNetCompiler.ForceOverwrite = "true"
		Debug.AspNetCompiler.FixedNames = "false"
		Debug.AspNetCompiler.Debug = "True"
		Release.AspNetCompiler.VirtualPath = "/localhost_3580"
		Release.AspNetCompiler.PhysicalPath = "jquerybase\"
		Release.AspNetCompiler.TargetPath = "PrecompiledWeb\localhost_3580\"
		Release.AspNetCompiler.Updateable = "true"
		Release.AspNetCompiler.ForceOverwrite = "true"
		Release.AspNetCompiler.FixedNames = "false"
		Release.AspNetCompiler.Debug = "False"
		SlnRelativePath = "jquerybase\"
	EndProjectSection
EndProject
Project("{E24C65DC-7377-472B-9ABA-BC803B73C61A}") = "jqueryimageslider", "http://localhost:15970", "{954C23A6-3A97-465B-9F94-112814357A81}"
	ProjectSection(WebsiteProperties) = preProject
		UseIISExpress = "true"
		TargetFrameworkMoniker = ".NETFramework,Version%3Dv4.0"
		Debug.AspNetCompiler.VirtualPath = "/localhost_15970"
		Debug.AspNetCompiler.PhysicalPath = "jqueryimageslider\"
		Debug.AspNetCompiler.TargetPath = "PrecompiledWeb\localhost_15970\"
		Debug.AspNetCompiler.Updateable = "true"
		Debug.AspNetCompiler.ForceOverwrite = "true"
		Debug.AspNetCompiler.FixedNames = "false"
		Debug.AspNetCompiler.Debug = "True"
		Release.AspNetCompiler.VirtualPath = "/localhost_15970"
		Release.AspNetCompiler.PhysicalPath = "jqueryimageslider\"
		Release.AspNetCompiler.TargetPath = "PrecompiledWeb\localhost_15970\"
		Release.AspNetCompiler.Updateable = "true"
		Release.AspNetCompiler.ForceOverwrite = "true"
		Release.AspNetCompiler.FixedNames = "false"
		Release.AspNetCompiler.Debug = "False"
		SlnRelativePath = "jqueryimageslider\"
	EndProjectSection
EndProject
Project("{E24C65DC-7377-472B-9ABA-BC803B73C61A}") = "ajax", "http://localhost:55679", "{237B76D2-9E2F-4DBC-A82B-59588E0EE49B}"
	ProjectSection(WebsiteProperties) = preProject
		UseIISExpress = "true"
		TargetFrameworkMoniker = ".NETFramework,Version%3Dv4.0"
		Debug.AspNetCompiler.VirtualPath = "/localhost_55679"
		Debug.AspNetCompiler.PhysicalPath = "ajax\"
		Debug.AspNetCompiler.TargetPath = "PrecompiledWeb\localhost_55679\"
		Debug.AspNetCompiler.Updateable = "true"
		Debug.AspNetCompiler.ForceOverwrite = "true"
		Debug.AspNetCompiler.FixedNames = "false"
		Debug.AspNetCompiler.Debug = "True"
		Release.AspNetCompiler.VirtualPath = "/localhost_55679"
		Release.AspNetCompiler.PhysicalPath = "ajax\"
		Release.AspNetCompiler.TargetPath = "PrecompiledWeb\localhost_55679\"
		Release.AspNetCompiler.Updateable = "true"
		Release.AspNetCompiler.ForceOverwrite = "true"
		Release.AspNetCompiler.FixedNames = "false"
		Release.AspNetCompiler.Debug = "False"
		SlnRelativePath = "ajax\"
	EndProjectSection
EndProject
Project("{E24C65DC-7377-472B-9ABA-BC803B73C61A}") = "ffyoutube", "http://localhost:64115", "{4D9578EC-CA3A-4A03-BF78-8B17CA97BAF9}"
	ProjectSection(WebsiteProperties) = preProject
		UseIISExpress = "true"
		TargetFrameworkMoniker = ".NETFramework,Version%3Dv4.0"
		Debug.AspNetCompiler.VirtualPath = "/localhost_64115"
		Debug.AspNetCompiler.PhysicalPath = "ffyoutube\"
		Debug.AspNetCompiler.TargetPath = "PrecompiledWeb\localhost_64115\"
		Debug.AspNetCompiler.Updateable = "true"
		Debug.AspNetCompiler.ForceOverwrite = "true"
		Debug.AspNetCompiler.FixedNames = "false"
		Debug.AspNetCompiler.Debug = "True"
		Release.AspNetCompiler.VirtualPath = "/localhost_64115"
		Release.AspNetCompiler.PhysicalPath = "ffyoutube\"
		Release.AspNetCompiler.TargetPath = "PrecompiledWeb\localhost_64115\"
		Release.AspNetCompiler.Updateable = "true"
		Release.AspNetCompiler.ForceOverwrite = "true"
		Release.AspNetCompiler.FixedNames = "false"
		Release.AspNetCompiler.Debug = "False"
		SlnRelativePath = "ffyoutube\"
	EndProjectSection
EndProject
Project("{E24C65DC-7377-472B-9ABA-BC803B73C61A}") = "nodejs", "http://localhost:17796", "{B48BEAA5-CBAD-4813-914E-DD43BD89E277}"
	ProjectSection(WebsiteProperties) = preProject
		UseIISExpress = "true"
		TargetFrameworkMoniker = ".NETFramework,Version%3Dv4.0"
		Debug.AspNetCompiler.VirtualPath = "/localhost_17796"
		Debug.AspNetCompiler.PhysicalPath = "nodejs\"
		Debug.AspNetCompiler.TargetPath = "PrecompiledWeb\localhost_17796\"
		Debug.AspNetCompiler.Updateable = "true"
		Debug.AspNetCompiler.ForceOverwrite = "true"
		Debug.AspNetCompiler.FixedNames = "false"
		Debug.AspNetCompiler.Debug = "True"
		Release.AspNetCompiler.VirtualPath = "/localhost_17796"
		Release.AspNetCompiler.PhysicalPath = "nodejs\"
		Release.AspNetCompiler.TargetPath = "PrecompiledWeb\localhost_17796\"
		Release.AspNetCompiler.Updateable = "true"
		Release.AspNetCompiler.ForceOverwrite = "true"
		Release.AspNetCompiler.FixedNames = "false"
		Release.AspNetCompiler.Debug = "False"
		SlnRelativePath = "nodejs\"
	EndProjectSection
EndProject
Global
	GlobalSection(SolutionConfigurationPlatforms) = preSolution
		Debug|Any CPU = Debug|Any CPU
		View in browser|Any CPU = View in browser|Any CPU
	EndGlobalSection
	GlobalSection(ProjectConfigurationPlatforms) = postSolution
		{64B8DB51-394D-4967-BE59-25CC8F9091A6}.Debug|Any CPU.ActiveCfg = Debug|Any CPU
		{64B8DB51-394D-4967-BE59-25CC8F9091A6}.Debug|Any CPU.Build.0 = Debug|Any CPU
		{64B8DB51-394D-4967-BE59-25CC8F9091A6}.View in browser|Any CPU.ActiveCfg = Debug|Any CPU
		{7BD188D7-E5DD-454B-AA41-C2FF418BF657}.Debug|Any CPU.ActiveCfg = Debug|Any CPU
		{7BD188D7-E5DD-454B-AA41-C2FF418BF657}.Debug|Any CPU.Build.0 = Debug|Any CPU
		{7BD188D7-E5DD-454B-AA41-C2FF418BF657}.View in browser|Any CPU.ActiveCfg = Debug|Any CPU
		{02418AFF-F87C-4C03-8CA4-D393FE5FD77D}.Debug|Any CPU.ActiveCfg = Debug|Any CPU
		{02418AFF-F87C-4C03-8CA4-D393FE5FD77D}.Debug|Any CPU.Build.0 = Debug|Any CPU
		{02418AFF-F87C-4C03-8CA4-D393FE5FD77D}.View in browser|Any CPU.ActiveCfg = Debug|Any CPU
		{954C23A6-3A97-465B-9F94-112814357A81}.Debug|Any CPU.ActiveCfg = Debug|Any CPU
		{954C23A6-3A97-465B-9F94-112814357A81}.Debug|Any CPU.Build.0 = Debug|Any CPU
		{954C23A6-3A97-465B-9F94-112814357A81}.View in browser|Any CPU.ActiveCfg = Debug|Any CPU
		{237B76D2-9E2F-4DBC-A82B-59588E0EE49B}.Debug|Any CPU.ActiveCfg = Debug|Any CPU
		{237B76D2-9E2F-4DBC-A82B-59588E0EE49B}.Debug|Any CPU.Build.0 = Debug|Any CPU
		{237B76D2-9E2F-4DBC-A82B-59588E0EE49B}.View in browser|Any CPU.ActiveCfg = Debug|Any CPU
		{237B76D2-9E2F-4DBC-A82B-59588E0EE49B}.View in browser|Any CPU.Build.0 = Debug|Any CPU
		{4D9578EC-CA3A-4A03-BF78-8B17CA97BAF9}.Debug|Any CPU.ActiveCfg = Debug|Any CPU
		{4D9578EC-CA3A-4A03-BF78-8B17CA97BAF9}.Debug|Any CPU.Build.0 = Debug|Any CPU
		{4D9578EC-CA3A-4A03-BF78-8B17CA97BAF9}.View in browser|Any CPU.ActiveCfg = Debug|Any CPU
		{4D9578EC-CA3A-4A03-BF78-8B17CA97BAF9}.View in browser|Any CPU.Build.0 = Debug|Any CPU
		{B48BEAA5-CBAD-4813-914E-DD43BD89E277}.Debug|Any CPU.ActiveCfg = Debug|Any CPU
		{B48BEAA5-CBAD-4813-914E-DD43BD89E277}.Debug|Any CPU.Build.0 = Debug|Any CPU
		{B48BEAA5-CBAD-4813-914E-DD43BD89E277}.View in browser|Any CPU.ActiveCfg = Debug|Any CPU
		{B48BEAA5-CBAD-4813-914E-DD43BD89E277}.View in browser|Any CPU.Build.0 = Debug|Any CPU
	EndGlobalSection
	GlobalSection(SolutionProperties) = preSolution
		HideSolutionNode = FALSE
	EndGlobalSection
EndGlobal
